
Microsoft Visual Studio Solution File, Format Version 12.00
# Visual Studio Version 17
VisualStudioVersion = 17.3.32929.385
MinimumVisualStudioVersion = 10.0.40219.1
Project("{8BC9CEB8-8B4A-11D0-8D11-00A0C91BC942}") = "数据结构day7-7月25日-二叉树", "数据结构day7-7月25日-二叉树.vcxproj", "{4F96FD26-F895-4181-ACF5-A6AB14DEC9B3}"
EndProject
Global
	GlobalSection(SolutionConfigurationPlatforms) = preSolution
		Debug|x64 = Debug|x64
		Debug|x86 = Debug|x86
		Release|x64 = Release|x64
		Release|x86 = Release|x86
	EndGlobalSection
	GlobalSection(ProjectConfigurationPlatforms) = postSolution
		{4F96FD26-F895-4181-ACF5-A6AB14DEC9B3}.Debug|x64.ActiveCfg = Debug|x64
		{4F96FD26-F895-4181-ACF5-A6AB14DEC9B3}.Debug|x64.Build.0 = Debug|x64
		{4F96FD26-F895-4181-ACF5-A6AB14DEC9B3}.Debug|x86.ActiveCfg = Debug|Win32
		{4F96FD26-F895-4181-ACF5-A6AB14DEC9B3}.Debug|x86.Build.0 = Debug|Win32
		{4F96FD26-F895-4181-ACF5-A6AB14DEC9B3}.Release|x64.ActiveCfg = Release|x64
		{4F96FD26-F895-4181-ACF5-A6AB14DEC9B3}.Release|x64.Build.0 = Release|x64
		{4F96FD26-F895-4181-ACF5-A6AB14DEC9B3}.Release|x86.ActiveCfg = Release|Win32
		{4F96FD26-F895-4181-ACF5-A6AB14DEC9B3}.Release|x86.Build.0 = Release|Win32
	EndGlobalSection
	GlobalSection(SolutionProperties) = preSolution
		HideSolutionNode = FALSE
	EndGlobalSection
	GlobalSection(ExtensibilityGlobals) = postSolution
		SolutionGuid = {BD54B0A4-9D6E-4762-BEBF-E02F46069D7F}
	EndGlobalSection
EndGlobal
