
Microsoft Visual Studio Solution File, Format Version 12.00
# Visual Studio Version 17
VisualStudioVersion = 17.3.32929.385
MinimumVisualStudioVersion = 10.0.40219.1
Project("{8BC9CEB8-8B4A-11D0-8D11-00A0C91BC942}") = "数据结构day3-7月19日-双向链表", "数据结构day3-7月19日-双向链表.vcxproj", "{AA076C2A-6A7D-4FBA-9027-AC8BD2F48F43}"
EndProject
Project("{8BC9CEB8-8B4A-11D0-8D11-00A0C91BC942}") = "栈和队列", "..\栈和队列\栈和队列.vcxproj", "{503F3C85-93C2-459F-AB52-80766CD0049B}"
EndProject
Global
	GlobalSection(SolutionConfigurationPlatforms) = preSolution
		Debug|x64 = Debug|x64
		Debug|x86 = Debug|x86
		Release|x64 = Release|x64
		Release|x86 = Release|x86
	EndGlobalSection
	GlobalSection(ProjectConfigurationPlatforms) = postSolution
		{AA076C2A-6A7D-4FBA-9027-AC8BD2F48F43}.Debug|x64.ActiveCfg = Debug|x64
		{AA076C2A-6A7D-4FBA-9027-AC8BD2F48F43}.Debug|x64.Build.0 = Debug|x64
		{AA076C2A-6A7D-4FBA-9027-AC8BD2F48F43}.Debug|x86.ActiveCfg = Debug|Win32
		{AA076C2A-6A7D-4FBA-9027-AC8BD2F48F43}.Debug|x86.Build.0 = Debug|Win32
		{AA076C2A-6A7D-4FBA-9027-AC8BD2F48F43}.Release|x64.ActiveCfg = Release|x64
		{AA076C2A-6A7D-4FBA-9027-AC8BD2F48F43}.Release|x64.Build.0 = Release|x64
		{AA076C2A-6A7D-4FBA-9027-AC8BD2F48F43}.Release|x86.ActiveCfg = Release|Win32
		{AA076C2A-6A7D-4FBA-9027-AC8BD2F48F43}.Release|x86.Build.0 = Release|Win32
		{503F3C85-93C2-459F-AB52-80766CD0049B}.Debug|x64.ActiveCfg = Debug|x64
		{503F3C85-93C2-459F-AB52-80766CD0049B}.Debug|x64.Build.0 = Debug|x64
		{503F3C85-93C2-459F-AB52-80766CD0049B}.Debug|x86.ActiveCfg = Debug|Win32
		{503F3C85-93C2-459F-AB52-80766CD0049B}.Debug|x86.Build.0 = Debug|Win32
		{503F3C85-93C2-459F-AB52-80766CD0049B}.Release|x64.ActiveCfg = Release|x64
		{503F3C85-93C2-459F-AB52-80766CD0049B}.Release|x64.Build.0 = Release|x64
		{503F3C85-93C2-459F-AB52-80766CD0049B}.Release|x86.ActiveCfg = Release|Win32
		{503F3C85-93C2-459F-AB52-80766CD0049B}.Release|x86.Build.0 = Release|Win32
	EndGlobalSection
	GlobalSection(SolutionProperties) = preSolution
		HideSolutionNode = FALSE
	EndGlobalSection
	GlobalSection(ExtensibilityGlobals) = postSolution
		SolutionGuid = {297C17E2-E8F7-47FB-B673-EF5726C50134}
	EndGlobalSection
EndGlobal
