
Microsoft Visual Studio Solution File, Format Version 12.00
# Visual Studio Version 17
VisualStudioVersion = 17.7.34009.444
MinimumVisualStudioVersion = 10.0.40219.1
Project("{8BC9CEB8-8B4A-11D0-8D11-00A0C91BC942}") = "STL复习补充", "STL复习补充\STL复习补充.vcxproj", "{CC13EF4A-F0B1-42A5-90D9-5B4FB81E28B2}"
EndProject
Global
	GlobalSection(SolutionConfigurationPlatforms) = preSolution
		Debug|x64 = Debug|x64
		Debug|x86 = Debug|x86
		Release|x64 = Release|x64
		Release|x86 = Release|x86
	EndGlobalSection
	GlobalSection(ProjectConfigurationPlatforms) = postSolution
		{CC13EF4A-F0B1-42A5-90D9-5B4FB81E28B2}.Debug|x64.ActiveCfg = Debug|x64
		{CC13EF4A-F0B1-42A5-90D9-5B4FB81E28B2}.Debug|x64.Build.0 = Debug|x64
		{CC13EF4A-F0B1-42A5-90D9-5B4FB81E28B2}.Debug|x86.ActiveCfg = Debug|Win32
		{CC13EF4A-F0B1-42A5-90D9-5B4FB81E28B2}.Debug|x86.Build.0 = Debug|Win32
		{CC13EF4A-F0B1-42A5-90D9-5B4FB81E28B2}.Release|x64.ActiveCfg = Release|x64
		{CC13EF4A-F0B1-42A5-90D9-5B4FB81E28B2}.Release|x64.Build.0 = Release|x64
		{CC13EF4A-F0B1-42A5-90D9-5B4FB81E28B2}.Release|x86.ActiveCfg = Release|Win32
		{CC13EF4A-F0B1-42A5-90D9-5B4FB81E28B2}.Release|x86.Build.0 = Release|Win32
	EndGlobalSection
	GlobalSection(SolutionProperties) = preSolution
		HideSolutionNode = FALSE
	EndGlobalSection
	GlobalSection(ExtensibilityGlobals) = postSolution
		SolutionGuid = {1132EEAF-62A0-48C5-A39E-75A2EB99FAA6}
	EndGlobalSection
EndGlobal
