
Microsoft Visual Studio Solution File, Format Version 12.00
# Visual Studio Version 17
VisualStudioVersion = 17.3.32929.385
MinimumVisualStudioVersion = 10.0.40219.1
Project("{8BC9CEB8-8B4A-11D0-8D11-00A0C91BC942}") = "C++day8-8月9日-STL链表", "C++day8-8月9日-STL链表.vcxproj", "{904B6D98-673B-44DF-BBC9-58A35F8C2494}"
EndProject
Global
	GlobalSection(SolutionConfigurationPlatforms) = preSolution
		Debug|x64 = Debug|x64
		Debug|x86 = Debug|x86
		Release|x64 = Release|x64
		Release|x86 = Release|x86
	EndGlobalSection
	GlobalSection(ProjectConfigurationPlatforms) = postSolution
		{904B6D98-673B-44DF-BBC9-58A35F8C2494}.Debug|x64.ActiveCfg = Debug|x64
		{904B6D98-673B-44DF-BBC9-58A35F8C2494}.Debug|x64.Build.0 = Debug|x64
		{904B6D98-673B-44DF-BBC9-58A35F8C2494}.Debug|x86.ActiveCfg = Debug|Win32
		{904B6D98-673B-44DF-BBC9-58A35F8C2494}.Debug|x86.Build.0 = Debug|Win32
		{904B6D98-673B-44DF-BBC9-58A35F8C2494}.Release|x64.ActiveCfg = Release|x64
		{904B6D98-673B-44DF-BBC9-58A35F8C2494}.Release|x64.Build.0 = Release|x64
		{904B6D98-673B-44DF-BBC9-58A35F8C2494}.Release|x86.ActiveCfg = Release|Win32
		{904B6D98-673B-44DF-BBC9-58A35F8C2494}.Release|x86.Build.0 = Release|Win32
	EndGlobalSection
	GlobalSection(SolutionProperties) = preSolution
		HideSolutionNode = FALSE
	EndGlobalSection
	GlobalSection(ExtensibilityGlobals) = postSolution
		SolutionGuid = {31CB3208-38FB-4BF5-AC51-04B61CF24903}
	EndGlobalSection
EndGlobal
