
Microsoft Visual Studio Solution File, Format Version 12.00
# Visual Studio Version 17
VisualStudioVersion = 17.7.34009.444
MinimumVisualStudioVersion = 10.0.40219.1
Project("{8BC9CEB8-8B4A-11D0-8D11-00A0C91BC942}") = "数据结构高阶day2-9月16日-AVL树", "数据结构高阶day2-9月16日-AVL树\数据结构高阶day2-9月16日-AVL树.vcxproj", "{CDEFE20A-1C11-423F-944D-3EBA08051CDC}"
EndProject
Project("{8BC9CEB8-8B4A-11D0-8D11-00A0C91BC942}") = "AVL树", "AVL树\AVL树.vcxproj", "{DD959810-DB53-49B7-8369-A9A586B367CC}"
EndProject
Global
	GlobalSection(SolutionConfigurationPlatforms) = preSolution
		Debug|x64 = Debug|x64
		Debug|x86 = Debug|x86
		Release|x64 = Release|x64
		Release|x86 = Release|x86
	EndGlobalSection
	GlobalSection(ProjectConfigurationPlatforms) = postSolution
		{CDEFE20A-1C11-423F-944D-3EBA08051CDC}.Debug|x64.ActiveCfg = Debug|x64
		{CDEFE20A-1C11-423F-944D-3EBA08051CDC}.Debug|x64.Build.0 = Debug|x64
		{CDEFE20A-1C11-423F-944D-3EBA08051CDC}.Debug|x86.ActiveCfg = Debug|Win32
		{CDEFE20A-1C11-423F-944D-3EBA08051CDC}.Debug|x86.Build.0 = Debug|Win32
		{CDEFE20A-1C11-423F-944D-3EBA08051CDC}.Release|x64.ActiveCfg = Release|x64
		{CDEFE20A-1C11-423F-944D-3EBA08051CDC}.Release|x64.Build.0 = Release|x64
		{CDEFE20A-1C11-423F-944D-3EBA08051CDC}.Release|x86.ActiveCfg = Release|Win32
		{CDEFE20A-1C11-423F-944D-3EBA08051CDC}.Release|x86.Build.0 = Release|Win32
		{DD959810-DB53-49B7-8369-A9A586B367CC}.Debug|x64.ActiveCfg = Debug|x64
		{DD959810-DB53-49B7-8369-A9A586B367CC}.Debug|x64.Build.0 = Debug|x64
		{DD959810-DB53-49B7-8369-A9A586B367CC}.Debug|x86.ActiveCfg = Debug|Win32
		{DD959810-DB53-49B7-8369-A9A586B367CC}.Debug|x86.Build.0 = Debug|Win32
		{DD959810-DB53-49B7-8369-A9A586B367CC}.Release|x64.ActiveCfg = Release|x64
		{DD959810-DB53-49B7-8369-A9A586B367CC}.Release|x64.Build.0 = Release|x64
		{DD959810-DB53-49B7-8369-A9A586B367CC}.Release|x86.ActiveCfg = Release|Win32
		{DD959810-DB53-49B7-8369-A9A586B367CC}.Release|x86.Build.0 = Release|Win32
	EndGlobalSection
	GlobalSection(SolutionProperties) = preSolution
		HideSolutionNode = FALSE
	EndGlobalSection
	GlobalSection(ExtensibilityGlobals) = postSolution
		SolutionGuid = {5FE27057-D6F4-4539-B401-13A0E2EE31A0}
	EndGlobalSection
EndGlobal
