
Microsoft Visual Studio Solution File, Format Version 12.00
# Visual Studio Version 17
VisualStudioVersion = 17.3.32929.385
MinimumVisualStudioVersion = 10.0.40219.1
Project("{8BC9CEB8-8B4A-11D0-8D11-00A0C91BC942}") = "作业处理", "C语言day3-3月25日-选择、循环结构.vcxproj", "{DF6C8D47-5CEF-4C86-9026-FC9C43311ABA}"
EndProject
Project("{8BC9CEB8-8B4A-11D0-8D11-00A0C91BC942}") = "ifelse", "..\ifelse\ifelse.vcxproj", "{22AB5D6A-93EE-4AB6-9B56-788004F4A47E}"
EndProject
Project("{8BC9CEB8-8B4A-11D0-8D11-00A0C91BC942}") = "闰年", "..\闰年\闰年.vcxproj", "{AFED7D8D-DE4E-47F4-ACCA-E9C731666FB4}"
EndProject
Project("{8BC9CEB8-8B4A-11D0-8D11-00A0C91BC942}") = "年月日合法", "..\年月日合法\年月日合法.vcxproj", "{C741BA89-0745-4385-ADF3-D6F24920125E}"
EndProject
Project("{8BC9CEB8-8B4A-11D0-8D11-00A0C91BC942}") = "Switch", "..\Switch\Switch.vcxproj", "{B7D6B760-151D-47CC-AD2F-EE3B437AD13A}"
EndProject
Project("{8BC9CEB8-8B4A-11D0-8D11-00A0C91BC942}") = "四则运算", "..\四则运算\四则运算.vcxproj", "{8C332B72-E925-4A94-88DB-011812FC4360}"
EndProject
Project("{8BC9CEB8-8B4A-11D0-8D11-00A0C91BC942}") = "循环结构", "..\循环结构\循环结构.vcxproj", "{0F0147E7-AA4A-4001-8809-0F68CC264CD9}"
EndProject
Project("{8BC9CEB8-8B4A-11D0-8D11-00A0C91BC942}") = "逢七过", "..\逢七过\逢七过.vcxproj", "{AD768B5B-7D9B-4A70-A3C1-E459EED7C8A2}"
EndProject
Project("{8BC9CEB8-8B4A-11D0-8D11-00A0C91BC942}") = "dowhile、goto", "..\dowhile、goto\dowhile、goto.vcxproj", "{004AE13A-234F-4640-AF58-E338496956B1}"
EndProject
Project("{8BC9CEB8-8B4A-11D0-8D11-00A0C91BC942}") = "阶乘和", "..\阶乘和\阶乘和.vcxproj", "{5CD5E2D7-6EDB-4CBB-AEC7-5AFAB0AC9613}"
EndProject
Project("{8BC9CEB8-8B4A-11D0-8D11-00A0C91BC942}") = "迭代法", "..\迭代法\迭代法.vcxproj", "{1F4D420E-CC3D-424C-AFC7-659E150ACECC}"
EndProject
Project("{8BC9CEB8-8B4A-11D0-8D11-00A0C91BC942}") = "分式求和", "..\分式求和\分式求和.vcxproj", "{898BA945-5CEF-48EE-94A7-4E7DC0DC4A98}"
EndProject
Project("{8BC9CEB8-8B4A-11D0-8D11-00A0C91BC942}") = "数位遍历", "..\数位遍历\数位遍历.vcxproj", "{5594662D-CFAD-406D-B89B-5F4D5E430BA4}"
EndProject
Project("{8BC9CEB8-8B4A-11D0-8D11-00A0C91BC942}") = "回文数", "..\回文数\回文数.vcxproj", "{AE4A18AB-AB48-4AB9-8EFE-548CEB09BD47}"
EndProject
Project("{8BC9CEB8-8B4A-11D0-8D11-00A0C91BC942}") = "质数", "..\质数\质数.vcxproj", "{4A3D5144-8E68-4F06-A496-008846DD6BD4}"
EndProject
Project("{8BC9CEB8-8B4A-11D0-8D11-00A0C91BC942}") = "阿姆斯特朗数", "..\阿姆斯特朗数\阿姆斯特朗数.vcxproj", "{A597CBC0-87DB-4F85-9D41-10F26BEC52DB}"
EndProject
Global
	GlobalSection(SolutionConfigurationPlatforms) = preSolution
		Debug|x64 = Debug|x64
		Debug|x86 = Debug|x86
		Release|x64 = Release|x64
		Release|x86 = Release|x86
	EndGlobalSection
	GlobalSection(ProjectConfigurationPlatforms) = postSolution
		{DF6C8D47-5CEF-4C86-9026-FC9C43311ABA}.Debug|x64.ActiveCfg = Debug|x64
		{DF6C8D47-5CEF-4C86-9026-FC9C43311ABA}.Debug|x64.Build.0 = Debug|x64
		{DF6C8D47-5CEF-4C86-9026-FC9C43311ABA}.Debug|x86.ActiveCfg = Debug|Win32
		{DF6C8D47-5CEF-4C86-9026-FC9C43311ABA}.Debug|x86.Build.0 = Debug|Win32
		{DF6C8D47-5CEF-4C86-9026-FC9C43311ABA}.Release|x64.ActiveCfg = Release|x64
		{DF6C8D47-5CEF-4C86-9026-FC9C43311ABA}.Release|x64.Build.0 = Release|x64
		{DF6C8D47-5CEF-4C86-9026-FC9C43311ABA}.Release|x86.ActiveCfg = Release|Win32
		{DF6C8D47-5CEF-4C86-9026-FC9C43311ABA}.Release|x86.Build.0 = Release|Win32
		{22AB5D6A-93EE-4AB6-9B56-788004F4A47E}.Debug|x64.ActiveCfg = Debug|x64
		{22AB5D6A-93EE-4AB6-9B56-788004F4A47E}.Debug|x64.Build.0 = Debug|x64
		{22AB5D6A-93EE-4AB6-9B56-788004F4A47E}.Debug|x86.ActiveCfg = Debug|Win32
		{22AB5D6A-93EE-4AB6-9B56-788004F4A47E}.Debug|x86.Build.0 = Debug|Win32
		{22AB5D6A-93EE-4AB6-9B56-788004F4A47E}.Release|x64.ActiveCfg = Release|x64
		{22AB5D6A-93EE-4AB6-9B56-788004F4A47E}.Release|x64.Build.0 = Release|x64
		{22AB5D6A-93EE-4AB6-9B56-788004F4A47E}.Release|x86.ActiveCfg = Release|Win32
		{22AB5D6A-93EE-4AB6-9B56-788004F4A47E}.Release|x86.Build.0 = Release|Win32
		{AFED7D8D-DE4E-47F4-ACCA-E9C731666FB4}.Debug|x64.ActiveCfg = Debug|x64
		{AFED7D8D-DE4E-47F4-ACCA-E9C731666FB4}.Debug|x64.Build.0 = Debug|x64
		{AFED7D8D-DE4E-47F4-ACCA-E9C731666FB4}.Debug|x86.ActiveCfg = Debug|Win32
		{AFED7D8D-DE4E-47F4-ACCA-E9C731666FB4}.Debug|x86.Build.0 = Debug|Win32
		{AFED7D8D-DE4E-47F4-ACCA-E9C731666FB4}.Release|x64.ActiveCfg = Release|x64
		{AFED7D8D-DE4E-47F4-ACCA-E9C731666FB4}.Release|x64.Build.0 = Release|x64
		{AFED7D8D-DE4E-47F4-ACCA-E9C731666FB4}.Release|x86.ActiveCfg = Release|Win32
		{AFED7D8D-DE4E-47F4-ACCA-E9C731666FB4}.Release|x86.Build.0 = Release|Win32
		{C741BA89-0745-4385-ADF3-D6F24920125E}.Debug|x64.ActiveCfg = Debug|x64
		{C741BA89-0745-4385-ADF3-D6F24920125E}.Debug|x64.Build.0 = Debug|x64
		{C741BA89-0745-4385-ADF3-D6F24920125E}.Debug|x86.ActiveCfg = Debug|Win32
		{C741BA89-0745-4385-ADF3-D6F24920125E}.Debug|x86.Build.0 = Debug|Win32
		{C741BA89-0745-4385-ADF3-D6F24920125E}.Release|x64.ActiveCfg = Release|x64
		{C741BA89-0745-4385-ADF3-D6F24920125E}.Release|x64.Build.0 = Release|x64
		{C741BA89-0745-4385-ADF3-D6F24920125E}.Release|x86.ActiveCfg = Release|Win32
		{C741BA89-0745-4385-ADF3-D6F24920125E}.Release|x86.Build.0 = Release|Win32
		{B7D6B760-151D-47CC-AD2F-EE3B437AD13A}.Debug|x64.ActiveCfg = Debug|x64
		{B7D6B760-151D-47CC-AD2F-EE3B437AD13A}.Debug|x64.Build.0 = Debug|x64
		{B7D6B760-151D-47CC-AD2F-EE3B437AD13A}.Debug|x86.ActiveCfg = Debug|Win32
		{B7D6B760-151D-47CC-AD2F-EE3B437AD13A}.Debug|x86.Build.0 = Debug|Win32
		{B7D6B760-151D-47CC-AD2F-EE3B437AD13A}.Release|x64.ActiveCfg = Release|x64
		{B7D6B760-151D-47CC-AD2F-EE3B437AD13A}.Release|x64.Build.0 = Release|x64
		{B7D6B760-151D-47CC-AD2F-EE3B437AD13A}.Release|x86.ActiveCfg = Release|Win32
		{B7D6B760-151D-47CC-AD2F-EE3B437AD13A}.Release|x86.Build.0 = Release|Win32
		{8C332B72-E925-4A94-88DB-011812FC4360}.Debug|x64.ActiveCfg = Debug|x64
		{8C332B72-E925-4A94-88DB-011812FC4360}.Debug|x64.Build.0 = Debug|x64
		{8C332B72-E925-4A94-88DB-011812FC4360}.Debug|x86.ActiveCfg = Debug|Win32
		{8C332B72-E925-4A94-88DB-011812FC4360}.Debug|x86.Build.0 = Debug|Win32
		{8C332B72-E925-4A94-88DB-011812FC4360}.Release|x64.ActiveCfg = Release|x64
		{8C332B72-E925-4A94-88DB-011812FC4360}.Release|x64.Build.0 = Release|x64
		{8C332B72-E925-4A94-88DB-011812FC4360}.Release|x86.ActiveCfg = Release|Win32
		{8C332B72-E925-4A94-88DB-011812FC4360}.Release|x86.Build.0 = Release|Win32
		{0F0147E7-AA4A-4001-8809-0F68CC264CD9}.Debug|x64.ActiveCfg = Debug|x64
		{0F0147E7-AA4A-4001-8809-0F68CC264CD9}.Debug|x64.Build.0 = Debug|x64
		{0F0147E7-AA4A-4001-8809-0F68CC264CD9}.Debug|x86.ActiveCfg = Debug|Win32
		{0F0147E7-AA4A-4001-8809-0F68CC264CD9}.Debug|x86.Build.0 = Debug|Win32
		{0F0147E7-AA4A-4001-8809-0F68CC264CD9}.Release|x64.ActiveCfg = Release|x64
		{0F0147E7-AA4A-4001-8809-0F68CC264CD9}.Release|x64.Build.0 = Release|x64
		{0F0147E7-AA4A-4001-8809-0F68CC264CD9}.Release|x86.ActiveCfg = Release|Win32
		{0F0147E7-AA4A-4001-8809-0F68CC264CD9}.Release|x86.Build.0 = Release|Win32
		{AD768B5B-7D9B-4A70-A3C1-E459EED7C8A2}.Debug|x64.ActiveCfg = Debug|x64
		{AD768B5B-7D9B-4A70-A3C1-E459EED7C8A2}.Debug|x64.Build.0 = Debug|x64
		{AD768B5B-7D9B-4A70-A3C1-E459EED7C8A2}.Debug|x86.ActiveCfg = Debug|Win32
		{AD768B5B-7D9B-4A70-A3C1-E459EED7C8A2}.Debug|x86.Build.0 = Debug|Win32
		{AD768B5B-7D9B-4A70-A3C1-E459EED7C8A2}.Release|x64.ActiveCfg = Release|x64
		{AD768B5B-7D9B-4A70-A3C1-E459EED7C8A2}.Release|x64.Build.0 = Release|x64
		{AD768B5B-7D9B-4A70-A3C1-E459EED7C8A2}.Release|x86.ActiveCfg = Release|Win32
		{AD768B5B-7D9B-4A70-A3C1-E459EED7C8A2}.Release|x86.Build.0 = Release|Win32
		{004AE13A-234F-4640-AF58-E338496956B1}.Debug|x64.ActiveCfg = Debug|x64
		{004AE13A-234F-4640-AF58-E338496956B1}.Debug|x64.Build.0 = Debug|x64
		{004AE13A-234F-4640-AF58-E338496956B1}.Debug|x86.ActiveCfg = Debug|Win32
		{004AE13A-234F-4640-AF58-E338496956B1}.Debug|x86.Build.0 = Debug|Win32
		{004AE13A-234F-4640-AF58-E338496956B1}.Release|x64.ActiveCfg = Release|x64
		{004AE13A-234F-4640-AF58-E338496956B1}.Release|x64.Build.0 = Release|x64
		{004AE13A-234F-4640-AF58-E338496956B1}.Release|x86.ActiveCfg = Release|Win32
		{004AE13A-234F-4640-AF58-E338496956B1}.Release|x86.Build.0 = Release|Win32
		{5CD5E2D7-6EDB-4CBB-AEC7-5AFAB0AC9613}.Debug|x64.ActiveCfg = Debug|x64
		{5CD5E2D7-6EDB-4CBB-AEC7-5AFAB0AC9613}.Debug|x64.Build.0 = Debug|x64
		{5CD5E2D7-6EDB-4CBB-AEC7-5AFAB0AC9613}.Debug|x86.ActiveCfg = Debug|Win32
		{5CD5E2D7-6EDB-4CBB-AEC7-5AFAB0AC9613}.Debug|x86.Build.0 = Debug|Win32
		{5CD5E2D7-6EDB-4CBB-AEC7-5AFAB0AC9613}.Release|x64.ActiveCfg = Release|x64
		{5CD5E2D7-6EDB-4CBB-AEC7-5AFAB0AC9613}.Release|x64.Build.0 = Release|x64
		{5CD5E2D7-6EDB-4CBB-AEC7-5AFAB0AC9613}.Release|x86.ActiveCfg = Release|Win32
		{5CD5E2D7-6EDB-4CBB-AEC7-5AFAB0AC9613}.Release|x86.Build.0 = Release|Win32
		{1F4D420E-CC3D-424C-AFC7-659E150ACECC}.Debug|x64.ActiveCfg = Debug|x64
		{1F4D420E-CC3D-424C-AFC7-659E150ACECC}.Debug|x64.Build.0 = Debug|x64
		{1F4D420E-CC3D-424C-AFC7-659E150ACECC}.Debug|x86.ActiveCfg = Debug|Win32
		{1F4D420E-CC3D-424C-AFC7-659E150ACECC}.Debug|x86.Build.0 = Debug|Win32
		{1F4D420E-CC3D-424C-AFC7-659E150ACECC}.Release|x64.ActiveCfg = Release|x64
		{1F4D420E-CC3D-424C-AFC7-659E150ACECC}.Release|x64.Build.0 = Release|x64
		{1F4D420E-CC3D-424C-AFC7-659E150ACECC}.Release|x86.ActiveCfg = Release|Win32
		{1F4D420E-CC3D-424C-AFC7-659E150ACECC}.Release|x86.Build.0 = Release|Win32
		{898BA945-5CEF-48EE-94A7-4E7DC0DC4A98}.Debug|x64.ActiveCfg = Debug|x64
		{898BA945-5CEF-48EE-94A7-4E7DC0DC4A98}.Debug|x64.Build.0 = Debug|x64
		{898BA945-5CEF-48EE-94A7-4E7DC0DC4A98}.Debug|x86.ActiveCfg = Debug|Win32
		{898BA945-5CEF-48EE-94A7-4E7DC0DC4A98}.Debug|x86.Build.0 = Debug|Win32
		{898BA945-5CEF-48EE-94A7-4E7DC0DC4A98}.Release|x64.ActiveCfg = Release|x64
		{898BA945-5CEF-48EE-94A7-4E7DC0DC4A98}.Release|x64.Build.0 = Release|x64
		{898BA945-5CEF-48EE-94A7-4E7DC0DC4A98}.Release|x86.ActiveCfg = Release|Win32
		{898BA945-5CEF-48EE-94A7-4E7DC0DC4A98}.Release|x86.Build.0 = Release|Win32
		{5594662D-CFAD-406D-B89B-5F4D5E430BA4}.Debug|x64.ActiveCfg = Debug|x64
		{5594662D-CFAD-406D-B89B-5F4D5E430BA4}.Debug|x64.Build.0 = Debug|x64
		{5594662D-CFAD-406D-B89B-5F4D5E430BA4}.Debug|x86.ActiveCfg = Debug|Win32
		{5594662D-CFAD-406D-B89B-5F4D5E430BA4}.Debug|x86.Build.0 = Debug|Win32
		{5594662D-CFAD-406D-B89B-5F4D5E430BA4}.Release|x64.ActiveCfg = Release|x64
		{5594662D-CFAD-406D-B89B-5F4D5E430BA4}.Release|x64.Build.0 = Release|x64
		{5594662D-CFAD-406D-B89B-5F4D5E430BA4}.Release|x86.ActiveCfg = Release|Win32
		{5594662D-CFAD-406D-B89B-5F4D5E430BA4}.Release|x86.Build.0 = Release|Win32
		{AE4A18AB-AB48-4AB9-8EFE-548CEB09BD47}.Debug|x64.ActiveCfg = Debug|x64
		{AE4A18AB-AB48-4AB9-8EFE-548CEB09BD47}.Debug|x64.Build.0 = Debug|x64
		{AE4A18AB-AB48-4AB9-8EFE-548CEB09BD47}.Debug|x86.ActiveCfg = Debug|Win32
		{AE4A18AB-AB48-4AB9-8EFE-548CEB09BD47}.Debug|x86.Build.0 = Debug|Win32
		{AE4A18AB-AB48-4AB9-8EFE-548CEB09BD47}.Release|x64.ActiveCfg = Release|x64
		{AE4A18AB-AB48-4AB9-8EFE-548CEB09BD47}.Release|x64.Build.0 = Release|x64
		{AE4A18AB-AB48-4AB9-8EFE-548CEB09BD47}.Release|x86.ActiveCfg = Release|Win32
		{AE4A18AB-AB48-4AB9-8EFE-548CEB09BD47}.Release|x86.Build.0 = Release|Win32
		{4A3D5144-8E68-4F06-A496-008846DD6BD4}.Debug|x64.ActiveCfg = Debug|x64
		{4A3D5144-8E68-4F06-A496-008846DD6BD4}.Debug|x64.Build.0 = Debug|x64
		{4A3D5144-8E68-4F06-A496-008846DD6BD4}.Debug|x86.ActiveCfg = Debug|Win32
		{4A3D5144-8E68-4F06-A496-008846DD6BD4}.Debug|x86.Build.0 = Debug|Win32
		{4A3D5144-8E68-4F06-A496-008846DD6BD4}.Release|x64.ActiveCfg = Release|x64
		{4A3D5144-8E68-4F06-A496-008846DD6BD4}.Release|x64.Build.0 = Release|x64
		{4A3D5144-8E68-4F06-A496-008846DD6BD4}.Release|x86.ActiveCfg = Release|Win32
		{4A3D5144-8E68-4F06-A496-008846DD6BD4}.Release|x86.Build.0 = Release|Win32
		{A597CBC0-87DB-4F85-9D41-10F26BEC52DB}.Debug|x64.ActiveCfg = Debug|x64
		{A597CBC0-87DB-4F85-9D41-10F26BEC52DB}.Debug|x64.Build.0 = Debug|x64
		{A597CBC0-87DB-4F85-9D41-10F26BEC52DB}.Debug|x86.ActiveCfg = Debug|Win32
		{A597CBC0-87DB-4F85-9D41-10F26BEC52DB}.Debug|x86.Build.0 = Debug|Win32
		{A597CBC0-87DB-4F85-9D41-10F26BEC52DB}.Release|x64.ActiveCfg = Release|x64
		{A597CBC0-87DB-4F85-9D41-10F26BEC52DB}.Release|x64.Build.0 = Release|x64
		{A597CBC0-87DB-4F85-9D41-10F26BEC52DB}.Release|x86.ActiveCfg = Release|Win32
		{A597CBC0-87DB-4F85-9D41-10F26BEC52DB}.Release|x86.Build.0 = Release|Win32
	EndGlobalSection
	GlobalSection(SolutionProperties) = preSolution
		HideSolutionNode = FALSE
	EndGlobalSection
	GlobalSection(ExtensibilityGlobals) = postSolution
		SolutionGuid = {03669D9E-6973-4EF4-989A-D6B702B5A2B7}
	EndGlobalSection
EndGlobal
