
Microsoft Visual Studio Solution File, Format Version 12.00
# Visual Studio Version 17
VisualStudioVersion = 17.3.32929.385
MinimumVisualStudioVersion = 10.0.40219.1
Project("{8BC9CEB8-8B4A-11D0-8D11-00A0C91BC942}") = "C语言day-4月1日-循环练习、随机数", "C语言day-4月1日-循环练习、随机数.vcxproj", "{943B9751-F0C9-44AD-86A5-2D2D836E6299}"
EndProject
Project("{8BC9CEB8-8B4A-11D0-8D11-00A0C91BC942}") = "1、二进制1的个数", "..\1、二进制1的个数\1、二进制1的个数.vcxproj", "{A7ECAE5D-8135-4680-B1AD-51C177FDAD01}"
EndProject
Project("{8BC9CEB8-8B4A-11D0-8D11-00A0C91BC942}") = "4、图表打印", "..\2、求加式个数\2、求加式个数.vcxproj", "{6E05A40B-DC2E-4C20-BFC5-D057A80EB6AF}"
EndProject
Project("{8BC9CEB8-8B4A-11D0-8D11-00A0C91BC942}") = "2、最大公约数", "..\2、最大公约数\2、最大公约数.vcxproj", "{A6A92803-8613-4D40-B8A7-AB5A7BD0B1CB}"
EndProject
Project("{8BC9CEB8-8B4A-11D0-8D11-00A0C91BC942}") = "3、斐波那契数列", "..\3、斐波那契数列\3、斐波那契数列.vcxproj", "{F342D20E-6C6C-4704-A03F-D06882CFFF77}"
EndProject
Project("{8BC9CEB8-8B4A-11D0-8D11-00A0C91BC942}") = "5、九九乘法表", "..\5、九九乘法表\5、九九乘法表.vcxproj", "{B0D3A567-F9B1-410D-A7E4-D1A6BA190B21}"
EndProject
Project("{8BC9CEB8-8B4A-11D0-8D11-00A0C91BC942}") = "6、打印日历", "..\6、打印日历\6、打印日历.vcxproj", "{23B900B6-24F7-4C7F-BE3E-B4546B922AF2}"
EndProject
Project("{8BC9CEB8-8B4A-11D0-8D11-00A0C91BC942}") = "7、分解质因数", "..\7、分解质因数\7、分解质因数.vcxproj", "{887F49FA-74CC-406C-A1B2-100780A4A240}"
EndProject
Project("{8BC9CEB8-8B4A-11D0-8D11-00A0C91BC942}") = "8、时间戳", "..\8、随机数\8、随机数.vcxproj", "{8B1A7884-DCC0-469F-A88C-F2175778014F}"
EndProject
Project("{8BC9CEB8-8B4A-11D0-8D11-00A0C91BC942}") = "9、随机数", "..\9、随机数\9、随机数.vcxproj", "{3A011E39-788B-454C-8756-CB5691B7963E}"
EndProject
Project("{8BC9CEB8-8B4A-11D0-8D11-00A0C91BC942}") = "10、随机数2", "..\10、数组\10、数组.vcxproj", "{BF4D79B9-35D9-4941-BB79-CB3B580E6AE2}"
EndProject
Project("{8BC9CEB8-8B4A-11D0-8D11-00A0C91BC942}") = "11、预编译", "..\11、数组\11、数组.vcxproj", "{4BD91312-72AE-4665-A55A-8DF7A9599443}"
EndProject
Project("{8BC9CEB8-8B4A-11D0-8D11-00A0C91BC942}") = "12、数组", "..\12、数组\12、数组.vcxproj", "{C1C05E43-4AA0-419D-B068-EA34234FAB96}"
EndProject
Project("{8BC9CEB8-8B4A-11D0-8D11-00A0C91BC942}") = "13、数组2", "..\13、数组2\13、数组2.vcxproj", "{9E3DBA30-2D08-4AB6-ACAE-0C1BEDC0E70B}"
EndProject
Project("{8BC9CEB8-8B4A-11D0-8D11-00A0C91BC942}") = "14、掷骰子", "..\14、掷骰子\14、掷骰子.vcxproj", "{FB1DD19C-5E9B-4B19-8EFC-BC621A4363ED}"
EndProject
Project("{8BC9CEB8-8B4A-11D0-8D11-00A0C91BC942}") = "15、卡池", "..\15、卡池\15、卡池.vcxproj", "{7FACDB26-0643-4A6F-B62A-102D6DDC3CE3}"
EndProject
Project("{8BC9CEB8-8B4A-11D0-8D11-00A0C91BC942}") = "16、猜数字", "..\16、猜数字\16、猜数字.vcxproj", "{6BAF3CC6-227F-4A30-B5FE-061AC105B863}"
EndProject
Global
	GlobalSection(SolutionConfigurationPlatforms) = preSolution
		Debug|x64 = Debug|x64
		Debug|x86 = Debug|x86
		Release|x64 = Release|x64
		Release|x86 = Release|x86
	EndGlobalSection
	GlobalSection(ProjectConfigurationPlatforms) = postSolution
		{943B9751-F0C9-44AD-86A5-2D2D836E6299}.Debug|x64.ActiveCfg = Debug|x64
		{943B9751-F0C9-44AD-86A5-2D2D836E6299}.Debug|x64.Build.0 = Debug|x64
		{943B9751-F0C9-44AD-86A5-2D2D836E6299}.Debug|x86.ActiveCfg = Debug|Win32
		{943B9751-F0C9-44AD-86A5-2D2D836E6299}.Debug|x86.Build.0 = Debug|Win32
		{943B9751-F0C9-44AD-86A5-2D2D836E6299}.Release|x64.ActiveCfg = Release|x64
		{943B9751-F0C9-44AD-86A5-2D2D836E6299}.Release|x64.Build.0 = Release|x64
		{943B9751-F0C9-44AD-86A5-2D2D836E6299}.Release|x86.ActiveCfg = Release|Win32
		{943B9751-F0C9-44AD-86A5-2D2D836E6299}.Release|x86.Build.0 = Release|Win32
		{A7ECAE5D-8135-4680-B1AD-51C177FDAD01}.Debug|x64.ActiveCfg = Debug|x64
		{A7ECAE5D-8135-4680-B1AD-51C177FDAD01}.Debug|x64.Build.0 = Debug|x64
		{A7ECAE5D-8135-4680-B1AD-51C177FDAD01}.Debug|x86.ActiveCfg = Debug|Win32
		{A7ECAE5D-8135-4680-B1AD-51C177FDAD01}.Debug|x86.Build.0 = Debug|Win32
		{A7ECAE5D-8135-4680-B1AD-51C177FDAD01}.Release|x64.ActiveCfg = Release|x64
		{A7ECAE5D-8135-4680-B1AD-51C177FDAD01}.Release|x64.Build.0 = Release|x64
		{A7ECAE5D-8135-4680-B1AD-51C177FDAD01}.Release|x86.ActiveCfg = Release|Win32
		{A7ECAE5D-8135-4680-B1AD-51C177FDAD01}.Release|x86.Build.0 = Release|Win32
		{6E05A40B-DC2E-4C20-BFC5-D057A80EB6AF}.Debug|x64.ActiveCfg = Debug|x64
		{6E05A40B-DC2E-4C20-BFC5-D057A80EB6AF}.Debug|x64.Build.0 = Debug|x64
		{6E05A40B-DC2E-4C20-BFC5-D057A80EB6AF}.Debug|x86.ActiveCfg = Debug|Win32
		{6E05A40B-DC2E-4C20-BFC5-D057A80EB6AF}.Debug|x86.Build.0 = Debug|Win32
		{6E05A40B-DC2E-4C20-BFC5-D057A80EB6AF}.Release|x64.ActiveCfg = Release|x64
		{6E05A40B-DC2E-4C20-BFC5-D057A80EB6AF}.Release|x64.Build.0 = Release|x64
		{6E05A40B-DC2E-4C20-BFC5-D057A80EB6AF}.Release|x86.ActiveCfg = Release|Win32
		{6E05A40B-DC2E-4C20-BFC5-D057A80EB6AF}.Release|x86.Build.0 = Release|Win32
		{A6A92803-8613-4D40-B8A7-AB5A7BD0B1CB}.Debug|x64.ActiveCfg = Debug|x64
		{A6A92803-8613-4D40-B8A7-AB5A7BD0B1CB}.Debug|x64.Build.0 = Debug|x64
		{A6A92803-8613-4D40-B8A7-AB5A7BD0B1CB}.Debug|x86.ActiveCfg = Debug|Win32
		{A6A92803-8613-4D40-B8A7-AB5A7BD0B1CB}.Debug|x86.Build.0 = Debug|Win32
		{A6A92803-8613-4D40-B8A7-AB5A7BD0B1CB}.Release|x64.ActiveCfg = Release|x64
		{A6A92803-8613-4D40-B8A7-AB5A7BD0B1CB}.Release|x64.Build.0 = Release|x64
		{A6A92803-8613-4D40-B8A7-AB5A7BD0B1CB}.Release|x86.ActiveCfg = Release|Win32
		{A6A92803-8613-4D40-B8A7-AB5A7BD0B1CB}.Release|x86.Build.0 = Release|Win32
		{F342D20E-6C6C-4704-A03F-D06882CFFF77}.Debug|x64.ActiveCfg = Debug|x64
		{F342D20E-6C6C-4704-A03F-D06882CFFF77}.Debug|x64.Build.0 = Debug|x64
		{F342D20E-6C6C-4704-A03F-D06882CFFF77}.Debug|x86.ActiveCfg = Debug|Win32
		{F342D20E-6C6C-4704-A03F-D06882CFFF77}.Debug|x86.Build.0 = Debug|Win32
		{F342D20E-6C6C-4704-A03F-D06882CFFF77}.Release|x64.ActiveCfg = Release|x64
		{F342D20E-6C6C-4704-A03F-D06882CFFF77}.Release|x64.Build.0 = Release|x64
		{F342D20E-6C6C-4704-A03F-D06882CFFF77}.Release|x86.ActiveCfg = Release|Win32
		{F342D20E-6C6C-4704-A03F-D06882CFFF77}.Release|x86.Build.0 = Release|Win32
		{B0D3A567-F9B1-410D-A7E4-D1A6BA190B21}.Debug|x64.ActiveCfg = Debug|x64
		{B0D3A567-F9B1-410D-A7E4-D1A6BA190B21}.Debug|x64.Build.0 = Debug|x64
		{B0D3A567-F9B1-410D-A7E4-D1A6BA190B21}.Debug|x86.ActiveCfg = Debug|Win32
		{B0D3A567-F9B1-410D-A7E4-D1A6BA190B21}.Debug|x86.Build.0 = Debug|Win32
		{B0D3A567-F9B1-410D-A7E4-D1A6BA190B21}.Release|x64.ActiveCfg = Release|x64
		{B0D3A567-F9B1-410D-A7E4-D1A6BA190B21}.Release|x64.Build.0 = Release|x64
		{B0D3A567-F9B1-410D-A7E4-D1A6BA190B21}.Release|x86.ActiveCfg = Release|Win32
		{B0D3A567-F9B1-410D-A7E4-D1A6BA190B21}.Release|x86.Build.0 = Release|Win32
		{23B900B6-24F7-4C7F-BE3E-B4546B922AF2}.Debug|x64.ActiveCfg = Debug|x64
		{23B900B6-24F7-4C7F-BE3E-B4546B922AF2}.Debug|x64.Build.0 = Debug|x64
		{23B900B6-24F7-4C7F-BE3E-B4546B922AF2}.Debug|x86.ActiveCfg = Debug|Win32
		{23B900B6-24F7-4C7F-BE3E-B4546B922AF2}.Debug|x86.Build.0 = Debug|Win32
		{23B900B6-24F7-4C7F-BE3E-B4546B922AF2}.Release|x64.ActiveCfg = Release|x64
		{23B900B6-24F7-4C7F-BE3E-B4546B922AF2}.Release|x64.Build.0 = Release|x64
		{23B900B6-24F7-4C7F-BE3E-B4546B922AF2}.Release|x86.ActiveCfg = Release|Win32
		{23B900B6-24F7-4C7F-BE3E-B4546B922AF2}.Release|x86.Build.0 = Release|Win32
		{887F49FA-74CC-406C-A1B2-100780A4A240}.Debug|x64.ActiveCfg = Debug|x64
		{887F49FA-74CC-406C-A1B2-100780A4A240}.Debug|x64.Build.0 = Debug|x64
		{887F49FA-74CC-406C-A1B2-100780A4A240}.Debug|x86.ActiveCfg = Debug|Win32
		{887F49FA-74CC-406C-A1B2-100780A4A240}.Debug|x86.Build.0 = Debug|Win32
		{887F49FA-74CC-406C-A1B2-100780A4A240}.Release|x64.ActiveCfg = Release|x64
		{887F49FA-74CC-406C-A1B2-100780A4A240}.Release|x64.Build.0 = Release|x64
		{887F49FA-74CC-406C-A1B2-100780A4A240}.Release|x86.ActiveCfg = Release|Win32
		{887F49FA-74CC-406C-A1B2-100780A4A240}.Release|x86.Build.0 = Release|Win32
		{8B1A7884-DCC0-469F-A88C-F2175778014F}.Debug|x64.ActiveCfg = Debug|x64
		{8B1A7884-DCC0-469F-A88C-F2175778014F}.Debug|x64.Build.0 = Debug|x64
		{8B1A7884-DCC0-469F-A88C-F2175778014F}.Debug|x86.ActiveCfg = Debug|Win32
		{8B1A7884-DCC0-469F-A88C-F2175778014F}.Debug|x86.Build.0 = Debug|Win32
		{8B1A7884-DCC0-469F-A88C-F2175778014F}.Release|x64.ActiveCfg = Release|x64
		{8B1A7884-DCC0-469F-A88C-F2175778014F}.Release|x64.Build.0 = Release|x64
		{8B1A7884-DCC0-469F-A88C-F2175778014F}.Release|x86.ActiveCfg = Release|Win32
		{8B1A7884-DCC0-469F-A88C-F2175778014F}.Release|x86.Build.0 = Release|Win32
		{3A011E39-788B-454C-8756-CB5691B7963E}.Debug|x64.ActiveCfg = Debug|x64
		{3A011E39-788B-454C-8756-CB5691B7963E}.Debug|x64.Build.0 = Debug|x64
		{3A011E39-788B-454C-8756-CB5691B7963E}.Debug|x86.ActiveCfg = Debug|Win32
		{3A011E39-788B-454C-8756-CB5691B7963E}.Debug|x86.Build.0 = Debug|Win32
		{3A011E39-788B-454C-8756-CB5691B7963E}.Release|x64.ActiveCfg = Release|x64
		{3A011E39-788B-454C-8756-CB5691B7963E}.Release|x64.Build.0 = Release|x64
		{3A011E39-788B-454C-8756-CB5691B7963E}.Release|x86.ActiveCfg = Release|Win32
		{3A011E39-788B-454C-8756-CB5691B7963E}.Release|x86.Build.0 = Release|Win32
		{BF4D79B9-35D9-4941-BB79-CB3B580E6AE2}.Debug|x64.ActiveCfg = Debug|x64
		{BF4D79B9-35D9-4941-BB79-CB3B580E6AE2}.Debug|x64.Build.0 = Debug|x64
		{BF4D79B9-35D9-4941-BB79-CB3B580E6AE2}.Debug|x86.ActiveCfg = Debug|Win32
		{BF4D79B9-35D9-4941-BB79-CB3B580E6AE2}.Debug|x86.Build.0 = Debug|Win32
		{BF4D79B9-35D9-4941-BB79-CB3B580E6AE2}.Release|x64.ActiveCfg = Release|x64
		{BF4D79B9-35D9-4941-BB79-CB3B580E6AE2}.Release|x64.Build.0 = Release|x64
		{BF4D79B9-35D9-4941-BB79-CB3B580E6AE2}.Release|x86.ActiveCfg = Release|Win32
		{BF4D79B9-35D9-4941-BB79-CB3B580E6AE2}.Release|x86.Build.0 = Release|Win32
		{4BD91312-72AE-4665-A55A-8DF7A9599443}.Debug|x64.ActiveCfg = Debug|x64
		{4BD91312-72AE-4665-A55A-8DF7A9599443}.Debug|x64.Build.0 = Debug|x64
		{4BD91312-72AE-4665-A55A-8DF7A9599443}.Debug|x86.ActiveCfg = Debug|Win32
		{4BD91312-72AE-4665-A55A-8DF7A9599443}.Debug|x86.Build.0 = Debug|Win32
		{4BD91312-72AE-4665-A55A-8DF7A9599443}.Release|x64.ActiveCfg = Release|x64
		{4BD91312-72AE-4665-A55A-8DF7A9599443}.Release|x64.Build.0 = Release|x64
		{4BD91312-72AE-4665-A55A-8DF7A9599443}.Release|x86.ActiveCfg = Release|Win32
		{4BD91312-72AE-4665-A55A-8DF7A9599443}.Release|x86.Build.0 = Release|Win32
		{C1C05E43-4AA0-419D-B068-EA34234FAB96}.Debug|x64.ActiveCfg = Debug|x64
		{C1C05E43-4AA0-419D-B068-EA34234FAB96}.Debug|x64.Build.0 = Debug|x64
		{C1C05E43-4AA0-419D-B068-EA34234FAB96}.Debug|x86.ActiveCfg = Debug|Win32
		{C1C05E43-4AA0-419D-B068-EA34234FAB96}.Debug|x86.Build.0 = Debug|Win32
		{C1C05E43-4AA0-419D-B068-EA34234FAB96}.Release|x64.ActiveCfg = Release|x64
		{C1C05E43-4AA0-419D-B068-EA34234FAB96}.Release|x64.Build.0 = Release|x64
		{C1C05E43-4AA0-419D-B068-EA34234FAB96}.Release|x86.ActiveCfg = Release|Win32
		{C1C05E43-4AA0-419D-B068-EA34234FAB96}.Release|x86.Build.0 = Release|Win32
		{9E3DBA30-2D08-4AB6-ACAE-0C1BEDC0E70B}.Debug|x64.ActiveCfg = Debug|x64
		{9E3DBA30-2D08-4AB6-ACAE-0C1BEDC0E70B}.Debug|x64.Build.0 = Debug|x64
		{9E3DBA30-2D08-4AB6-ACAE-0C1BEDC0E70B}.Debug|x86.ActiveCfg = Debug|Win32
		{9E3DBA30-2D08-4AB6-ACAE-0C1BEDC0E70B}.Debug|x86.Build.0 = Debug|Win32
		{9E3DBA30-2D08-4AB6-ACAE-0C1BEDC0E70B}.Release|x64.ActiveCfg = Release|x64
		{9E3DBA30-2D08-4AB6-ACAE-0C1BEDC0E70B}.Release|x64.Build.0 = Release|x64
		{9E3DBA30-2D08-4AB6-ACAE-0C1BEDC0E70B}.Release|x86.ActiveCfg = Release|Win32
		{9E3DBA30-2D08-4AB6-ACAE-0C1BEDC0E70B}.Release|x86.Build.0 = Release|Win32
		{FB1DD19C-5E9B-4B19-8EFC-BC621A4363ED}.Debug|x64.ActiveCfg = Debug|x64
		{FB1DD19C-5E9B-4B19-8EFC-BC621A4363ED}.Debug|x64.Build.0 = Debug|x64
		{FB1DD19C-5E9B-4B19-8EFC-BC621A4363ED}.Debug|x86.ActiveCfg = Debug|Win32
		{FB1DD19C-5E9B-4B19-8EFC-BC621A4363ED}.Debug|x86.Build.0 = Debug|Win32
		{FB1DD19C-5E9B-4B19-8EFC-BC621A4363ED}.Release|x64.ActiveCfg = Release|x64
		{FB1DD19C-5E9B-4B19-8EFC-BC621A4363ED}.Release|x64.Build.0 = Release|x64
		{FB1DD19C-5E9B-4B19-8EFC-BC621A4363ED}.Release|x86.ActiveCfg = Release|Win32
		{FB1DD19C-5E9B-4B19-8EFC-BC621A4363ED}.Release|x86.Build.0 = Release|Win32
		{7FACDB26-0643-4A6F-B62A-102D6DDC3CE3}.Debug|x64.ActiveCfg = Debug|x64
		{7FACDB26-0643-4A6F-B62A-102D6DDC3CE3}.Debug|x64.Build.0 = Debug|x64
		{7FACDB26-0643-4A6F-B62A-102D6DDC3CE3}.Debug|x86.ActiveCfg = Debug|Win32
		{7FACDB26-0643-4A6F-B62A-102D6DDC3CE3}.Debug|x86.Build.0 = Debug|Win32
		{7FACDB26-0643-4A6F-B62A-102D6DDC3CE3}.Release|x64.ActiveCfg = Release|x64
		{7FACDB26-0643-4A6F-B62A-102D6DDC3CE3}.Release|x64.Build.0 = Release|x64
		{7FACDB26-0643-4A6F-B62A-102D6DDC3CE3}.Release|x86.ActiveCfg = Release|Win32
		{7FACDB26-0643-4A6F-B62A-102D6DDC3CE3}.Release|x86.Build.0 = Release|Win32
		{6BAF3CC6-227F-4A30-B5FE-061AC105B863}.Debug|x64.ActiveCfg = Debug|x64
		{6BAF3CC6-227F-4A30-B5FE-061AC105B863}.Debug|x64.Build.0 = Debug|x64
		{6BAF3CC6-227F-4A30-B5FE-061AC105B863}.Debug|x86.ActiveCfg = Debug|Win32
		{6BAF3CC6-227F-4A30-B5FE-061AC105B863}.Debug|x86.Build.0 = Debug|Win32
		{6BAF3CC6-227F-4A30-B5FE-061AC105B863}.Release|x64.ActiveCfg = Release|x64
		{6BAF3CC6-227F-4A30-B5FE-061AC105B863}.Release|x64.Build.0 = Release|x64
		{6BAF3CC6-227F-4A30-B5FE-061AC105B863}.Release|x86.ActiveCfg = Release|Win32
		{6BAF3CC6-227F-4A30-B5FE-061AC105B863}.Release|x86.Build.0 = Release|Win32
	EndGlobalSection
	GlobalSection(SolutionProperties) = preSolution
		HideSolutionNode = FALSE
	EndGlobalSection
	GlobalSection(ExtensibilityGlobals) = postSolution
		SolutionGuid = {CB423B5A-5233-4F55-AB22-763F02DA48B8}
	EndGlobalSection
EndGlobal
